
Microsoft Visual Studio Solution File, Format Version 12.00
# Visual Studio 15
VisualStudioVersion = 15.0.27130.2036
MinimumVisualStudioVersion = 10.0.40219.1
Project("{FAE04EC0-301F-11D3-BF4B-00C04F79EFBC}") = "WebStoreServer", "WebStoreServer\WebStoreServer.csproj", "{BBF20B97-031E-4ED5-B686-F24865D22D56}"
EndProject
Global
	GlobalSection(SolutionConfigurationPlatforms) = preSolution
		Debug|Any CPU = Debug|Any CPU
		Release|Any CPU = Release|Any CPU
	EndGlobalSection
	GlobalSection(ProjectConfigurationPlatforms) = postSolution
		{BBF20B97-031E-4ED5-B686-F24865D22D56}.Debug|Any CPU.ActiveCfg = Debug|Any CPU
		{BBF20B97-031E-4ED5-B686-F24865D22D56}.Debug|Any CPU.Build.0 = Debug|Any CPU
		{BBF20B97-031E-4ED5-B686-F24865D22D56}.Release|Any CPU.ActiveCfg = Release|Any CPU
		{BBF20B97-031E-4ED5-B686-F24865D22D56}.Release|Any CPU.Build.0 = Release|Any CPU
	EndGlobalSection
	GlobalSection(SolutionProperties) = preSolution
		HideSolutionNode = FALSE
	EndGlobalSection
	GlobalSection(ExtensibilityGlobals) = postSolution
		SolutionGuid = {80AD9BF5-68CD-4A45-809C-46887E8A7BC1}
	EndGlobalSection
EndGlobal
